dependencies:
- name: prometheus
  repository: https://prometheus-community.github.io/helm-charts
  version: 28.0.0
- name: grafana
  repository: https://grafana.github.io/helm-charts
  version: 8.8.2
digest: sha256:15158a4a809fab3b032d8e8da375316c7adbb3751feed05b518e93494a512b9a
generated: "2026-04-29T01:11:29.440306-04:00"
